Microsoft Visual Studio Solution File, Format Version 11.00
# Visual Studio 2008

Project("{BD15A64F-CF3C-D47F-D487-32D98F6DC859}") = "FightWar", "Assembly-CSharp-firstpass.csproj", "{6CDA26B0-5B53-3B6A-B911-AEB45F31257E}"
EndProject
Project("{BD15A64F-CF3C-D47F-D487-32D98F6DC859}") = "FightWar", "Assembly-CSharp.csproj", "{8A9CDCBD-0D56-C916-E4F2-E0983D462D35}"
EndProject
Project("{BD15A64F-CF3C-D47F-D487-32D98F6DC859}") = "FightWar", "Assembly-CSharp-Editor-firstpass.csproj", "{9C5CC9D1-CBAF-44E2-7884-93ABB0F4A56E}"
EndProject
Project("{BD15A64F-CF3C-D47F-D487-32D98F6DC859}") = "FightWar", "Assembly-CSharp-Editor.csproj", "{920ABDE8-648B-DF38-8BDF-7094C2EF7CF6}"
EndProject
Project("{BD15A64F-CF3C-D47F-D487-32D98F6DC859}") = "FightWar", "Assembly-UnityScript.unityproj", "{8FC8FCDC-B3A4-7BCC-F69D-A3BC87EED7A5}"
EndProject
Global
	GlobalSection(SolutionConfigurationPlatforms) = preSolution
		Debug|Any CPU = Debug|Any CPU
		Release|Any CPU = Release|Any CPU
	EndGlobalSection
	GlobalSection(ProjectConfigurationPlatforms) = postSolution
		{6CDA26B0-5B53-3B6A-B911-AEB45F31257E}.Debug|Any CPU.ActiveCfg = Debug|Any CPU
		{6CDA26B0-5B53-3B6A-B911-AEB45F31257E}.Debug|Any CPU.Build.0 = Debug|Any CPU
		{6CDA26B0-5B53-3B6A-B911-AEB45F31257E}.Release|Any CPU.ActiveCfg = Release|Any CPU
		{6CDA26B0-5B53-3B6A-B911-AEB45F31257E}.Release|Any CPU.Build.0 = Release|Any CPU
		{8A9CDCBD-0D56-C916-E4F2-E0983D462D35}.Debug|Any CPU.ActiveCfg = Debug|Any CPU
		{8A9CDCBD-0D56-C916-E4F2-E0983D462D35}.Debug|Any CPU.Build.0 = Debug|Any CPU
		{8A9CDCBD-0D56-C916-E4F2-E0983D462D35}.Release|Any CPU.ActiveCfg = Release|Any CPU
		{8A9CDCBD-0D56-C916-E4F2-E0983D462D35}.Release|Any CPU.Build.0 = Release|Any CPU
		{9C5CC9D1-CBAF-44E2-7884-93ABB0F4A56E}.Debug|Any CPU.ActiveCfg = Debug|Any CPU
		{9C5CC9D1-CBAF-44E2-7884-93ABB0F4A56E}.Debug|Any CPU.Build.0 = Debug|Any CPU
		{9C5CC9D1-CBAF-44E2-7884-93ABB0F4A56E}.Release|Any CPU.ActiveCfg = Release|Any CPU
		{9C5CC9D1-CBAF-44E2-7884-93ABB0F4A56E}.Release|Any CPU.Build.0 = Release|Any CPU
		{920ABDE8-648B-DF38-8BDF-7094C2EF7CF6}.Debug|Any CPU.ActiveCfg = Debug|Any CPU
		{920ABDE8-648B-DF38-8BDF-7094C2EF7CF6}.Debug|Any CPU.Build.0 = Debug|Any CPU
		{920ABDE8-648B-DF38-8BDF-7094C2EF7CF6}.Release|Any CPU.ActiveCfg = Release|Any CPU
		{920ABDE8-648B-DF38-8BDF-7094C2EF7CF6}.Release|Any CPU.Build.0 = Release|Any CPU
		{8FC8FCDC-B3A4-7BCC-F69D-A3BC87EED7A5}.Debug|Any CPU.ActiveCfg = Debug|Any CPU
		{8FC8FCDC-B3A4-7BCC-F69D-A3BC87EED7A5}.Debug|Any CPU.Build.0 = Debug|Any CPU
		{8FC8FCDC-B3A4-7BCC-F69D-A3BC87EED7A5}.Release|Any CPU.ActiveCfg = Release|Any CPU
		{8FC8FCDC-B3A4-7BCC-F69D-A3BC87EED7A5}.Release|Any CPU.Build.0 = Release|Any CPU
	EndGlobalSection
	GlobalSection(SolutionProperties) = preSolution
		HideSolutionNode = FALSE
	EndGlobalSection
																																																									GlobalSection(MonoDevelopProperties) = preSolution
		StartupItem = Assembly-CSharp.csproj
		Policies = $0
		$0.TextStylePolicy = $1
		$1.inheritsSet = null
		$1.scope = text/x-csharp
		$0.CSharpFormattingPolicy = $2
		$2.inheritsSet = Mono
		$2.inheritsScope = text/x-csharp
		$2.scope = text/x-csharp
		$0.TextStylePolicy = $3
		$3.FileWidth = 120
		$3.TabWidth = 4
		$3.IndentWidth = 4
		$3.EolMarker = Unix
		$3.inheritsSet = Mono
		$3.inheritsScope = text/plain
		$3.scope = text/plain
	EndGlobalSection

EndGlobal
